// !$*UTF8*$!
{
	archiveVersion = 1;
	classes = {
	};
	objectVersion = 46;
	objects = {

/* Begin PBXBuildFile section */
		99F205153EAA593D7EF36DBF /* libPods-DMiOSAppDesign.a in Frameworks */ = {isa = PBXBuildFile; fileRef = 9C8766AAA949899DADABB2B6 /* libPods-DMiOSAppDesign.a */; };
		AB2241951F46BF3F00F9B705 /* main.m in Sources */ = {isa = PBXBuildFile; fileRef = AB2241941F46BF3F00F9B705 /* main.m */; };
		AB2241981F46BF3F00F9B705 /* AppDelegate.m in Sources */ = {isa = PBXBuildFile; fileRef = AB2241971F46BF3F00F9B705 /* AppDelegate.m */; };
		AB2241A01F46BF3F00F9B705 /* Assets.xcassets in Resources */ = {isa = PBXBuildFile; fileRef = AB22419F1F46BF3F00F9B705 /* Assets.xcassets */; };
		AB2241AC1F46C80B00F9B705 /* DMRootViewController.m in Sources */ = {isa = PBXBuildFile; fileRef = AB2241AB1F46C80B00F9B705 /* DMRootViewController.m */; };
		AB94752C1F5CDEEE0068CD5D /* DMAppDelegateManager.m in Sources */ = {isa = PBXBuildFile; fileRef = AB94752A1F5CDEEE0068CD5D /* DMAppDelegateManager.m */; };
		AB94752F1F5CDF480068CD5D /* DMUserCenterModule.m in Sources */ = {isa = PBXBuildFile; fileRef = AB94752E1F5CDF480068CD5D /* DMUserCenterModule.m */; };
/* End PBXBuildFile section */

/* Begin PBXFileReference section */
		297DFC98CB908C39D3E57C6C /* Pods-DMiOSAppDesign.release.xcconfig */ = {isa = PBXFileReference; includeInIndex = 1; lastKnownFileType = text.xcconfig; name = "Pods-DMiOSAppDesign.release.xcconfig"; path = "Pods/Target Support Files/Pods-DMiOSAppDesign/Pods-DMiOSAppDesign.release.xcconfig"; sourceTree = "<group>"; };
		9C8766AAA949899DADABB2B6 /* libPods-DMiOSAppDesign.a */ = {isa = PBXFileReference; explicitFileType = archive.ar; includeInIndex = 0; path = "libPods-DMiOSAppDesign.a"; sourceTree = BUILT_PRODUCTS_DIR; };
		AB2241901F46BF3F00F9B705 /* DMiOSAppDesign.app */ = {isa = PBXFileReference; explicitFileType = wrapper.application; includeInIndex = 0; path = DMiOSAppDesign.app; sourceTree = BUILT_PRODUCTS_DIR; };
		AB2241941F46BF3F00F9B705 /* main.m */ = {isa = PBXFileReference; lastKnownFileType = sourcecode.c.objc; path = main.m; sourceTree = "<group>"; };
		AB2241961F46BF3F00F9B705 /* AppDelegate.h */ = {isa = PBXFileReference; lastKnownFileType = sourcecode.c.h; path = AppDelegate.h; sourceTree = "<group>"; };
		AB2241971F46BF3F00F9B705 /* AppDelegate.m */ = {isa = PBXFileReference; lastKnownFileType = sourcecode.c.objc; path = AppDelegate.m; sourceTree = "<group>"; };
		AB22419F1F46BF3F00F9B705 /* Assets.xcassets */ = {isa = PBXFileReference; lastKnownFileType = folder.assetcatalog; path = Assets.xcassets; sourceTree = "<group>"; };
		AB2241A41F46BF3F00F9B705 /* Info.plist */ = {isa = PBXFileReference; lastKnownFileType = text.plist.xml; path = Info.plist; sourceTree = "<group>"; };
		AB2241AA1F46C80B00F9B705 /* DMRootViewController.h */ = {isa = PBXFileReference; fileEncoding = 4; lastKnownFileType = sourcecode.c.h; path = DMRootViewController.h; sourceTree = "<group>"; };
		AB2241AB1F46C80B00F9B705 /* DMRootViewController.m */ = {isa = PBXFileReference; fileEncoding = 4; lastKnownFileType = sourcecode.c.objc; path = DMRootViewController.m; sourceTree = "<group>"; };
		AB9475291F5CDEEE0068CD5D /* DMAppDelegateManager.h */ = {isa = PBXFileReference; fileEncoding = 4; lastKnownFileType = sourcecode.c.h; path = DMAppDelegateManager.h; sourceTree = "<group>"; };
		AB94752A1F5CDEEE0068CD5D /* DMAppDelegateManager.m */ = {isa = PBXFileReference; fileEncoding = 4; lastKnownFileType = sourcecode.c.objc; path = DMAppDelegateManager.m; sourceTree = "<group>"; };
		AB94752B1F5CDEEE0068CD5D /* DMApplicationDelegate.h */ = {isa = PBXFileReference; fileEncoding = 4; lastKnownFileType = sourcecode.c.h; path = DMApplicationDelegate.h; sourceTree = "<group>"; };
		AB94752D1F5CDF480068CD5D /* DMUserCenterModule.h */ = {isa = PBXFileReference; fileEncoding = 4; lastKnownFileType = sourcecode.c.h; path = DMUserCenterModule.h; sourceTree = "<group>"; };
		AB94752E1F5CDF480068CD5D /* DMUserCenterModule.m */ = {isa = PBXFileReference; fileEncoding = 4; lastKnownFileType = sourcecode.c.objc; path = DMUserCenterModule.m; sourceTree = "<group>"; };
		C57A2D0F27AA42EF79CF824E /* Pods-DMiOSAppDesign.debug.xcconfig */ = {isa = PBXFileReference; includeInIndex = 1; lastKnownFileType = text.xcconfig; name = "Pods-DMiOSAppDesign.debug.xcconfig"; path = "Pods/Target Support Files/Pods-DMiOSAppDesign/Pods-DMiOSAppDesign.debug.xcconfig"; sourceTree = "<group>"; };
/* End PBXFileReference section */

/* Begin PBXFrameworksBuildPhase section */
		AB22418D1F46BF3F00F9B705 /* Frameworks */ = {
			isa = PBXFrameworksBuildPhase;
			buildActionMask = 2147483647;
			files = (
				99F205153EAA593D7EF36DBF /* libPods-DMiOSAppDesign.a in Frameworks */,
			);
			runOnlyForDeploymentPostprocessing = 0;
		};
/* End PBXFrameworksBuildPhase section */

/* Begin PBXGroup section */
		11DE735E618ED68115C0371F /* Frameworks */ = {
			isa = PBXGroup;
			children = (
				9C8766AAA949899DADABB2B6 /* libPods-DMiOSAppDesign.a */,
			);
			name = Frameworks;
			sourceTree = "<group>";
		};
		938175A8D99438D4FA013AEE /* Pods */ = {
			isa = PBXGroup;
			children = (
				C57A2D0F27AA42EF79CF824E /* Pods-DMiOSAppDesign.debug.xcconfig */,
				297DFC98CB908C39D3E57C6C /* Pods-DMiOSAppDesign.release.xcconfig */,
			);
			name = Pods;
			sourceTree = "<group>";
		};
		AB2241871F46BF3F00F9B705 = {
			isa = PBXGroup;
			children = (
				AB2241921F46BF3F00F9B705 /* DMiOSAppDesign */,
				AB2241911F46BF3F00F9B705 /* Products */,
				938175A8D99438D4FA013AEE /* Pods */,
				11DE735E618ED68115C0371F /* Frameworks */,
			);
			sourceTree = "<group>";
		};
		AB2241911F46BF3F00F9B705 /* Products */ = {
			isa = PBXGroup;
			children = (
				AB2241901F46BF3F00F9B705 /* DMiOSAppDesign.app */,
			);
			name = Products;
			sourceTree = "<group>";
		};
		AB2241921F46BF3F00F9B705 /* DMiOSAppDesign */ = {
			isa = PBXGroup;
			children = (
				AB2241961F46BF3F00F9B705 /* AppDelegate.h */,
				AB2241971F46BF3F00F9B705 /* AppDelegate.m */,
				AB2241AA1F46C80B00F9B705 /* DMRootViewController.h */,
				AB2241AB1F46C80B00F9B705 /* DMRootViewController.m */,
				AB9475161F5CDE9B0068CD5D /* AppDelegate解耦 */,
				AB22419F1F46BF3F00F9B705 /* Assets.xcassets */,
				AB2241A41F46BF3F00F9B705 /* Info.plist */,
				AB2241931F46BF3F00F9B705 /* Supporting Files */,
			);
			path = DMiOSAppDesign;
			sourceTree = "<group>";
		};
		AB2241931F46BF3F00F9B705 /* Supporting Files */ = {
			isa = PBXGroup;
			children = (
				AB2241941F46BF3F00F9B705 /* main.m */,
			);
			name = "Supporting Files";
			sourceTree = "<group>";
		};
		AB9475161F5CDE9B0068CD5D /* AppDelegate解耦 */ = {
			isa = PBXGroup;
			children = (
				AB9475291F5CDEEE0068CD5D /* DMAppDelegateManager.h */,
				AB94752A1F5CDEEE0068CD5D /* DMAppDelegateManager.m */,
				AB94752B1F5CDEEE0068CD5D /* DMApplicationDelegate.h */,
				AB94752D1F5CDF480068CD5D /* DMUserCenterModule.h */,
				AB94752E1F5CDF480068CD5D /* DMUserCenterModule.m */,
			);
			path = "AppDelegate解耦";
			sourceTree = "<group>";
		};
/* End PBXGroup section */

/* Begin PBXNativeTarget section */
		AB22418F1F46BF3F00F9B705 /* DMiOSAppDesign */ = {
			isa = PBXNativeTarget;
			buildConfigurationList = AB2241A71F46BF3F00F9B705 /* Build configuration list for PBXNativeTarget "DMiOSAppDesign" */;
			buildPhases = (
				0DEA80870C5D852A83BFEC88 /* [CP] Check Pods Manifest.lock */,
				AB22418C1F46BF3F00F9B705 /* Sources */,
				AB22418D1F46BF3F00F9B705 /* Frameworks */,
				AB22418E1F46BF3F00F9B705 /* Resources */,
				E653ACF97779758D12BBCC41 /* [CP] Embed Pods Frameworks */,
				69013A838CA5B018BDC6FFE1 /* [CP] Copy Pods Resources */,
			);
			buildRules = (
			);
			dependencies = (
			);
			name = DMiOSAppDesign;
			productName = DMiOSAppDesign;
			productReference = AB2241901F46BF3F00F9B705 /* DMiOSAppDesign.app */;
			productType = "com.apple.product-type.application";
		};
/* End PBXNativeTarget section */

/* Begin PBXProject section */
		AB2241881F46BF3F00F9B705 /* Project object */ = {
			isa = PBXProject;
			attributes = {
				LastUpgradeCheck = 0830;
				ORGANIZATIONNAME = "张炯";
				TargetAttributes = {
					AB22418F1F46BF3F00F9B705 = {
						CreatedOnToolsVersion = 8.3.3;
						DevelopmentTeam = XDK267KQ83;
						ProvisioningStyle = Manual;
					};
				};
			};
			buildConfigurationList = AB22418B1F46BF3F00F9B705 /* Build configuration list for PBXProject "DMiOSAppDesign" */;
			compatibilityVersion = "Xcode 3.2";
			developmentRegion = English;
			hasScannedForEncodings = 0;
			knownRegions = (
				en,
				Base,
			);
			mainGroup = AB2241871F46BF3F00F9B705;
			productRefGroup = AB2241911F46BF3F00F9B705 /* Products */;
			projectDirPath = "";
			projectRoot = "";
			targets = (
				AB22418F1F46BF3F00F9B705 /* DMiOSAppDesign */,
			);
		};
/* End PBXProject section */

/* Begin PBXResourcesBuildPhase section */
		AB22418E1F46BF3F00F9B705 /* Resources */ = {
			isa = PBXResourcesBuildPhase;
			buildActionMask = 2147483647;
			files = (
				AB2241A01F46BF3F00F9B705 /* Assets.xcassets in Resources */,
			);
			runOnlyForDeploymentPostprocessing = 0;
		};
/* End PBXResourcesBuildPhase section */

/* Begin PBXShellScriptBuildPhase section */
		0DEA80870C5D852A83BFEC88 /* [CP] Check Pods Manifest.lock */ = {
			isa = PBXShellScriptBuildPhase;
			buildActionMask = 2147483647;
			files = (
			);
			inputPaths = (
				"${PODS_PODFILE_DIR_PATH}/Podfile.lock",
				"${PODS_ROOT}/Manifest.lock",
			);
			name = "[CP] Check Pods Manifest.lock";
			outputPaths = (
				"$(DERIVED_FILE_DIR)/Pods-DMiOSAppDesign-checkManifestLockResult.txt",
			);
			runOnlyForDeploymentPostprocessing = 0;
			shellPath = /bin/sh;
			shellScript = "diff \"${PODS_PODFILE_DIR_PATH}/Podfile.lock\" \"${PODS_ROOT}/Manifest.lock\" > /dev/null\nif [ $? != 0 ] ; then\n    # print error to STDERR\n    echo \"error: The sandbox is not in sync with the Podfile.lock. Run 'pod install' or update your CocoaPods installation.\" >&2\n    exit 1\nfi\n# This output is used by Xcode 'outputs' to avoid re-running this script phase.\necho \"SUCCESS\" > \"${SCRIPT_OUTPUT_FILE_0}\"\n";
			showEnvVarsInLog = 0;
		};
		69013A838CA5B018BDC6FFE1 /* [CP] Copy Pods Resources */ = {
			isa = PBXShellScriptBuildPhase;
			buildActionMask = 2147483647;
			files = (
			);
			inputPaths = (
			);
			name = "[CP] Copy Pods Resources";
			outputPaths = (
			);
			runOnlyForDeploymentPostprocessing = 0;
			shellPath = /bin/sh;
			shellScript = "\"${SRCROOT}/Pods/Target Support Files/Pods-DMiOSAppDesign/Pods-DMiOSAppDesign-resources.sh\"\n";
			showEnvVarsInLog = 0;
		};
		E653ACF97779758D12BBCC41 /* [CP] Embed Pods Frameworks */ = {
			isa = PBXShellScriptBuildPhase;
			buildActionMask = 2147483647;
			files = (
			);
			inputPaths = (
			);
			name = "[CP] Embed Pods Frameworks";
			outputPaths = (
			);
			runOnlyForDeploymentPostprocessing = 0;
			shellPath = /bin/sh;
			shellScript = "\"${SRCROOT}/Pods/Target Support Files/Pods-DMiOSAppDesign/Pods-DMiOSAppDesign-frameworks.sh\"\n";
			showEnvVarsInLog = 0;
		};
/* End PBXShellScriptBuildPhase section */

/* Begin PBXSourcesBuildPhase section */
		AB22418C1F46BF3F00F9B705 /* Sources */ = {
			isa = PBXSourcesBuildPhase;
			buildActionMask = 2147483647;
			files = (
				AB2241AC1F46C80B00F9B705 /* DMRootViewController.m in Sources */,
				AB94752C1F5CDEEE0068CD5D /* DMAppDelegateManager.m in Sources */,
				AB94752F1F5CDF480068CD5D /* DMUserCenterModule.m in Sources */,
				AB2241981F46BF3F00F9B705 /* AppDelegate.m in Sources */,
				AB2241951F46BF3F00F9B705 /* main.m in Sources */,
			);
			runOnlyForDeploymentPostprocessing = 0;
		};
/* End PBXSourcesBuildPhase section */

/* Begin XCBuildConfiguration section */
		AB2241A51F46BF3F00F9B705 /* Debug */ = {
			isa = XCBuildConfiguration;
			buildSettings = {
				ALWAYS_SEARCH_USER_PATHS = NO;
				CLANG_ANALYZER_NONNULL = YES;
				CLANG_ANALYZER_NUMBER_OBJECT_CONVERSION = YES_AGGRESSIVE;
				CLANG_CXX_LANGUAGE_STANDARD = "gnu++0x";
				CLANG_CXX_LIBRARY = "libc++";
				CLANG_ENABLE_MODULES = YES;
				CLANG_ENABLE_OBJC_ARC = YES;
				CLANG_WARN_BOOL_CONVERSION = YES;
				CLANG_WARN_CONSTANT_CONVERSION = YES;
				CLANG_WARN_DIRECT_OBJC_ISA_USAGE = YES_ERROR;
				CLANG_WARN_DOCUMENTATION_COMMENTS = YES;
				CLANG_WARN_EMPTY_BODY = YES;
				CLANG_WARN_ENUM_CONVERSION = YES;
				CLANG_WARN_INFINITE_RECURSION = YES;
				CLANG_WARN_INT_CONVERSION = YES;
				CLANG_WARN_OBJC_ROOT_CLASS = YES_ERROR;
				CLANG_WARN_SUSPICIOUS_MOVE = YES;
				CLANG_WARN_UNREACHABLE_CODE = YES;
				CLANG_WARN__DUPLICATE_METHOD_MATCH = YES;
				"CODE_SIGN_IDENTITY[sdk=iphoneos*]" = "iPhone Developer";
				COPY_PHASE_STRIP = NO;
				DEBUG_INFORMATION_FORMAT = dwarf;
				ENABLE_STRICT_OBJC_MSGSEND = YES;
				ENABLE_TESTABILITY = YES;
				GCC_C_LANGUAGE_STANDARD = gnu99;
				GCC_DYNAMIC_NO_PIC = NO;
				GCC_NO_COMMON_BLOCKS = YES;
				GCC_OPTIMIZATION_LEVEL = 0;
				GCC_PREPROCESSOR_DEFINITIONS = (
					"DEBUG=1",
					"$(inherited)",
				);
				GCC_WARN_64_TO_32_BIT_CONVERSION = YES;
				GCC_WARN_ABOUT_RETURN_TYPE = YES_ERROR;
				GCC_WARN_UNDECLARED_SELECTOR = YES;
				GCC_WARN_UNINITIALIZED_AUTOS = YES_AGGRESSIVE;
				GCC_WARN_UNUSED_FUNCTION = YES;
				GCC_WARN_UNUSED_VARIABLE = YES;
				IPHONEOS_DEPLOYMENT_TARGET = 10.3;
				MTL_ENABLE_DEBUG_INFO = YES;
				ONLY_ACTIVE_ARCH = YES;
				SDKROOT = iphoneos;
				TARGETED_DEVICE_FAMILY = "1,2";
			};
			name = Debug;
		};
		AB2241A61F46BF3F00F9B705 /* Release */ = {
			isa = XCBuildConfiguration;
			buildSettings = {
				ALWAYS_SEARCH_USER_PATHS = NO;
				CLANG_ANALYZER_NONNULL = YES;
				CLANG_ANALYZER_NUMBER_OBJECT_CONVERSION = YES_AGGRESSIVE;
				CLANG_CXX_LANGUAGE_STANDARD = "gnu++0x";
				CLANG_CXX_LIBRARY = "libc++";
				CLANG_ENABLE_MODULES = YES;
				CLANG_ENABLE_OBJC_ARC = YES;
				CLANG_WARN_BOOL_CONVERSION = YES;
				CLANG_WARN_CONSTANT_CONVERSION = YES;
				CLANG_WARN_DIRECT_OBJC_ISA_USAGE = YES_ERROR;
				CLANG_WARN_DOCUMENTATION_COMMENTS = YES;
				CLANG_WARN_EMPTY_BODY = YES;
				CLANG_WARN_ENUM_CONVERSION = YES;
				CLANG_WARN_INFINITE_RECURSION = YES;
				CLANG_WARN_INT_CONVERSION = YES;
				CLANG_WARN_OBJC_ROOT_CLASS = YES_ERROR;
				CLANG_WARN_SUSPICIOUS_MOVE = YES;
				CLANG_WARN_UNREACHABLE_CODE = YES;
				CLANG_WARN__DUPLICATE_METHOD_MATCH = YES;
				"CODE_SIGN_IDENTITY[sdk=iphoneos*]" = "iPhone Developer";
				COPY_PHASE_STRIP = NO;
				DEBUG_INFORMATION_FORMAT = "dwarf-with-dsym";
				ENABLE_NS_ASSERTIONS = NO;
				ENABLE_STRICT_OBJC_MSGSEND = YES;
				GCC_C_LANGUAGE_STANDARD = gnu99;
				GCC_NO_COMMON_BLOCKS = YES;
				GCC_WARN_64_TO_32_BIT_CONVERSION = YES;
				GCC_WARN_ABOUT_RETURN_TYPE = YES_ERROR;
				GCC_WARN_UNDECLARED_SELECTOR = YES;
				GCC_WARN_UNINITIALIZED_AUTOS = YES_AGGRESSIVE;
				GCC_WARN_UNUSED_FUNCTION = YES;
				GCC_WARN_UNUSED_VARIABLE = YES;
				IPHONEOS_DEPLOYMENT_TARGET = 10.3;
				MTL_ENABLE_DEBUG_INFO = NO;
				SDKROOT = iphoneos;
				TARGETED_DEVICE_FAMILY = "1,2";
				VALIDATE_PRODUCT = YES;
			};
			name = Release;
		};
		AB2241A81F46BF3F00F9B705 /* Debug */ = {
			isa = XCBuildConfiguration;
			baseConfigurationReference = C57A2D0F27AA42EF79CF824E /* Pods-DMiOSAppDesign.debug.xcconfig */;
			buildSettings = {
				ASSETCATALOG_COMPILER_APPICON_NAME = AppIcon;
				ASSETCATALOG_COMPILER_LAUNCHIMAGE_NAME = LaunchImage;
				DEVELOPMENT_TEAM = XDK267KQ83;
				INFOPLIST_FILE = DMiOSAppDesign/Info.plist;
				IPHONEOS_DEPLOYMENT_TARGET = 8.0;
				LD_RUNPATH_SEARCH_PATHS = "$(inherited) @executable_path/Frameworks";
				PRODUCT_BUNDLE_IDENTIFIER = com.developermichael.DMiOSAppDesign;
				PRODUCT_NAME = "$(TARGET_NAME)";
				PROVISIONING_PROFILE = "29ecd84c-3f95-48a3-93c4-e78021a43f29";
				PROVISIONING_PROFILE_SPECIFIER = "match Development *";
				TARGETED_DEVICE_FAMILY = 1;
			};
			name = Debug;
		};
		AB2241A91F46BF3F00F9B705 /* Release */ = {
			isa = XCBuildConfiguration;
			baseConfigurationReference = 297DFC98CB908C39D3E57C6C /* Pods-DMiOSAppDesign.release.xcconfig */;
			buildSettings = {
				ASSETCATALOG_COMPILER_APPICON_NAME = AppIcon;
				ASSETCATALOG_COMPILER_LAUNCHIMAGE_NAME = LaunchImage;
				DEVELOPMENT_TEAM = XDK267KQ83;
				INFOPLIST_FILE = DMiOSAppDesign/Info.plist;
				IPHONEOS_DEPLOYMENT_TARGET = 8.0;
				LD_RUNPATH_SEARCH_PATHS = "$(inherited) @executable_path/Frameworks";
				PRODUCT_BUNDLE_IDENTIFIER = com.developermichael.DMiOSAppDesign;
				PRODUCT_NAME = "$(TARGET_NAME)";
				PROVISIONING_PROFILE = "29ecd84c-3f95-48a3-93c4-e78021a43f29";
				PROVISIONING_PROFILE_SPECIFIER = "match Development *";
				TARGETED_DEVICE_FAMILY = 1;
			};
			name = Release;
		};
/* End XCBuildConfiguration section */

/* Begin XCConfigurationList section */
		AB22418B1F46BF3F00F9B705 /* Build configuration list for PBXProject "DMiOSAppDesign" */ = {
			isa = XCConfigurationList;
			buildConfigurations = (
				AB2241A51F46BF3F00F9B705 /* Debug */,
				AB2241A61F46BF3F00F9B705 /* Release */,
			);
			defaultConfigurationIsVisible = 0;
			defaultConfigurationName = Release;
		};
		AB2241A71F46BF3F00F9B705 /* Build configuration list for PBXNativeTarget "DMiOSAppDesign" */ = {
			isa = XCConfigurationList;
			buildConfigurations = (
				AB2241A81F46BF3F00F9B705 /* Debug */,
				AB2241A91F46BF3F00F9B705 /* Release */,
			);
			defaultConfigurationIsVisible = 0;
			defaultConfigurationName = Release;
		};
/* End XCConfigurationList section */
	};
	rootObject = AB2241881F46BF3F00F9B705 /* Project object */;
}
